
Microsoft Visual Studio Solution File, Format Version 12.00
# Visual Studio Version 18
VisualStudioVersion = 18.4.11605.240
MinimumVisualStudioVersion = 10.0.40219.1
Project("{FAE04EC0-301F-11D3-BF4B-00C04F79EFBC}") = "BiletProje", "BiletProje.csproj", "{545C42FD-B82A-4664-80D5-EA0DE2F0572F}"
EndProject
Project("{FAE04EC0-301F-11D3-BF4B-00C04F79EFBC}") = "Dispatcher", "..\Dispatcher\Dispatcher.csproj", "{7A788AC8-CC28-4477-B7D4-EB360A2F19EC}"
EndProject
Project("{FAE04EC0-301F-11D3-BF4B-00C04F79EFBC}") = "EventService", "..\EventService\EventService.csproj", "{68BAC065-3E20-4A8D-B8C3-116AB8436BC5}"
EndProject
Project("{FAE04EC0-301F-11D3-BF4B-00C04F79EFBC}") = "TicketService", "..\TicketService\TicketService.csproj", "{788429D1-BFA9-44A1-B91E-B24979A4ADB2}"
EndProject
Project("{FAE04EC0-301F-11D3-BF4B-00C04F79EFBC}") = "Dispatcher.Tests", "..\Dispatcher.Tests\Dispatcher.Tests.csproj", "{DFCC458B-8C16-4A35-A907-F650A629AC99}"
EndProject
Global
	GlobalSection(SolutionConfigurationPlatforms) = preSolution
		Debug|Any CPU = Debug|Any CPU
		Release|Any CPU = Release|Any CPU
	EndGlobalSection
	GlobalSection(ProjectConfigurationPlatforms) = postSolution
		{545C42FD-B82A-4664-80D5-EA0DE2F0572F}.Debug|Any CPU.ActiveCfg = Debug|Any CPU
		{545C42FD-B82A-4664-80D5-EA0DE2F0572F}.Debug|Any CPU.Build.0 = Debug|Any CPU
		{545C42FD-B82A-4664-80D5-EA0DE2F0572F}.Release|Any CPU.ActiveCfg = Release|Any CPU
		{545C42FD-B82A-4664-80D5-EA0DE2F0572F}.Release|Any CPU.Build.0 = Release|Any CPU
		{7A788AC8-CC28-4477-B7D4-EB360A2F19EC}.Debug|Any CPU.ActiveCfg = Debug|Any CPU
		{7A788AC8-CC28-4477-B7D4-EB360A2F19EC}.Debug|Any CPU.Build.0 = Debug|Any CPU
		{7A788AC8-CC28-4477-B7D4-EB360A2F19EC}.Release|Any CPU.ActiveCfg = Release|Any CPU
		{7A788AC8-CC28-4477-B7D4-EB360A2F19EC}.Release|Any CPU.Build.0 = Release|Any CPU
		{68BAC065-3E20-4A8D-B8C3-116AB8436BC5}.Debug|Any CPU.ActiveCfg = Debug|Any CPU
		{68BAC065-3E20-4A8D-B8C3-116AB8436BC5}.Debug|Any CPU.Build.0 = Debug|Any CPU
		{68BAC065-3E20-4A8D-B8C3-116AB8436BC5}.Release|Any CPU.ActiveCfg = Release|Any CPU
		{68BAC065-3E20-4A8D-B8C3-116AB8436BC5}.Release|Any CPU.Build.0 = Release|Any CPU
		{788429D1-BFA9-44A1-B91E-B24979A4ADB2}.Debug|Any CPU.ActiveCfg = Debug|Any CPU
		{788429D1-BFA9-44A1-B91E-B24979A4ADB2}.Debug|Any CPU.Build.0 = Debug|Any CPU
		{788429D1-BFA9-44A1-B91E-B24979A4ADB2}.Release|Any CPU.ActiveCfg = Release|Any CPU
		{788429D1-BFA9-44A1-B91E-B24979A4ADB2}.Release|Any CPU.Build.0 = Release|Any CPU
		{DFCC458B-8C16-4A35-A907-F650A629AC99}.Debug|Any CPU.ActiveCfg = Debug|Any CPU
		{DFCC458B-8C16-4A35-A907-F650A629AC99}.Debug|Any CPU.Build.0 = Debug|Any CPU
		{DFCC458B-8C16-4A35-A907-F650A629AC99}.Release|Any CPU.ActiveCfg = Release|Any CPU
		{DFCC458B-8C16-4A35-A907-F650A629AC99}.Release|Any CPU.Build.0 = Release|Any CPU
	EndGlobalSection
	GlobalSection(SolutionProperties) = preSolution
		HideSolutionNode = FALSE
	EndGlobalSection
	GlobalSection(ExtensibilityGlobals) = postSolution
		SolutionGuid = {5F803EDE-EC09-4954-BB44-44B42E9EBBB2}
	EndGlobalSection
EndGlobal
